github.com/TimothyGregg/formicid v0.0.0-20211024144540-f3d3f0e8d682 h1:aBu1DSHetQUlhKZxYEOtOJB9tx2SlCV8yuXK6AX6ipA=
github.com/TimothyGregg/formicid v0.0.0-20211024144540-f3d3f0e8d682/go.mod h1:x6Cv9zl9venPS2TGPbb08JZ1tst0cQJe0J6FOWaA/LE=
github.com/TimothyGregg/formicid-frontend v0.0.0-20211016224637-4d76b8be9ba2/go.mod h1:qAP07C63EGz/HBvMN6IUwl/+I7W17m5FCn20pY94Lkk=
github.com/fogleman/delaunay v0.0.0-20180910191513-63f09b4c883d/go.mod h1:Twj6uBC/dSqh5vCcgzy/jO/4QWu9lqPTt1v3WEz68z8=
github.com/gen2brain/raylib-go/raylib v0.0.0-20210719094109-1ca7b58c8240/go.mod h1:+NbsqGlEQqGqrsgJFF5Yj2dkvn0ML2SQb8RqM2hJsPU=
github.com/gorilla/mux v1.8.0 h1:i40aqfkR1h2SlN9hojwV5ZA91wcXFOvkdNIeFDP5koI=
github.com/gorilla/mux v1.8.0/go.mod h1:DVbg23sWSpFRCP0SfiEN6jmj59UnW/n46BH5rLB71So=
